
Microsoft Visual Studio Solution File, Format Version 12.00
# Visual Studio Version 16
VisualStudioVersion = 16.0.31515.178
MinimumVisualStudioVersion = 10.0.40219.1
Project("{9A19103F-16F7-4668-BE54-9A1E7A4F7556}") = "MovieLibrary", "MovieLibrary\MovieLibrary.csproj", "{A4A82709-7D0A-48C0-BF7E-163BB66A2A45}"
EndProject
Project("{FAE04EC0-301F-11D3-BF4B-00C04F79EFBC}") = "MovieLibrary.WinHost", "MovieLibrary.WinHost\MovieLibrary.WinHost.csproj", "{BD9CAF8D-F431-449E-BC1E-D57E7AEBAC43}"
EndProject
Global
	GlobalSection(SolutionConfigurationPlatforms) = preSolution
		Debug|Any CPU = Debug|Any CPU
		Release|Any CPU = Release|Any CPU
	EndGlobalSection
	GlobalSection(ProjectConfigurationPlatforms) = postSolution
		{A4A82709-7D0A-48C0-BF7E-163BB66A2A45}.Debug|Any CPU.ActiveCfg = Debug|Any CPU
		{A4A82709-7D0A-48C0-BF7E-163BB66A2A45}.Debug|Any CPU.Build.0 = Debug|Any CPU
		{A4A82709-7D0A-48C0-BF7E-163BB66A2A45}.Release|Any CPU.ActiveCfg = Release|Any CPU
		{A4A82709-7D0A-48C0-BF7E-163BB66A2A45}.Release|Any CPU.Build.0 = Release|Any CPU
		{BD9CAF8D-F431-449E-BC1E-D57E7AEBAC43}.Debug|Any CPU.ActiveCfg = Debug|Any CPU
		{BD9CAF8D-F431-449E-BC1E-D57E7AEBAC43}.Debug|Any CPU.Build.0 = Debug|Any CPU
		{BD9CAF8D-F431-449E-BC1E-D57E7AEBAC43}.Release|Any CPU.ActiveCfg = Release|Any CPU
		{BD9CAF8D-F431-449E-BC1E-D57E7AEBAC43}.Release|Any CPU.Build.0 = Release|Any CPU
	EndGlobalSection
	GlobalSection(SolutionProperties) = preSolution
		HideSolutionNode = FALSE
	EndGlobalSection
	GlobalSection(ExtensibilityGlobals) = postSolution
		SolutionGuid = {02A18E80-C8A2-4808-9361-848C88819D32}
	EndGlobalSection
EndGlobal
